// !$*UTF8*$!
{
	archiveVersion = 1;
	classes = {
	};
	objectVersion = 56;
	objects = {

/* Begin PBXBuildFile section */
		82791557ED9515B93C5C199B /* Pods_PickMemo.framework in Frameworks */ = {isa = PBXBuildFile; fileRef = 2E38358698B1116E518052EB /* Pods_PickMemo.framework */; };
		89ACFB29454BB9E1925D9261 /* Pods_PickMemo_PickMemoUITests.framework in Frameworks */ = {isa = PBXBuildFile; fileRef = D215787D579A020E5AE8E01E /* Pods_PickMemo_PickMemoUITests.framework */; };
		B702288C29460C26000D0CFC /* AppDelegate.swift in Sources */ = {isa = PBXBuildFile; fileRef = B702288B29460C26000D0CFC /* AppDelegate.swift */; };
		B702288E29460C26000D0CFC /* SceneDelegate.swift in Sources */ = {isa = PBXBuildFile; fileRef = B702288D29460C26000D0CFC /* SceneDelegate.swift */; };
		B702289329460C26000D0CFC /* Main.storyboard in Resources */ = {isa = PBXBuildFile; fileRef = B702289129460C26000D0CFC /* Main.storyboard */; };
		B702289529460C28000D0CFC /* Assets.xcassets in Resources */ = {isa = PBXBuildFile; fileRef = B702289429460C28000D0CFC /* Assets.xcassets */; };
		B702289829460C28000D0CFC /* LaunchScreen.storyboard in Resources */ = {isa = PBXBuildFile; fileRef = B702289629460C28000D0CFC /* LaunchScreen.storyboard */; };
		B70228A329460C28000D0CFC /* PickMemoTests.swift in Sources */ = {isa = PBXBuildFile; fileRef = B70228A229460C28000D0CFC /* PickMemoTests.swift */; };
		B70228AD29460C28000D0CFC /* PickMemoUITests.swift in Sources */ = {isa = PBXBuildFile; fileRef = B70228AC29460C28000D0CFC /* PickMemoUITests.swift */; };
		B70228AF29460C28000D0CFC /* PickMemoUITestsLaunchTests.swift in Sources */ = {isa = PBXBuildFile; fileRef = B70228AE29460C28000D0CFC /* PickMemoUITestsLaunchTests.swift */; };
		B70228BC29460C81000D0CFC /* MainTabBarViewController.swift in Sources */ = {isa = PBXBuildFile; fileRef = B70228BB29460C81000D0CFC /* MainTabBarViewController.swift */; };
		B70228BE29460CCF000D0CFC /* PickMemoViewController.swift in Sources */ = {isa = PBXBuildFile; fileRef = B70228BD29460CCF000D0CFC /* PickMemoViewController.swift */; };
		B70228C029460CD8000D0CFC /* SavedPickMemoViewController.swift in Sources */ = {isa = PBXBuildFile; fileRef = B70228BF29460CD8000D0CFC /* SavedPickMemoViewController.swift */; };
		B70228C529461044000D0CFC /* SDWebImage in Frameworks */ = {isa = PBXBuildFile; productRef = B70228C429461044000D0CFC /* SDWebImage */; };
		B70228C8294610E4000D0CFC /* SnapKit in Frameworks */ = {isa = PBXBuildFile; productRef = B70228C7294610E4000D0CFC /* SnapKit */; };
		B70228CA29461770000D0CFC /* WritePickMemoViewController.swift in Sources */ = {isa = PBXBuildFile; fileRef = B70228C929461770000D0CFC /* WritePickMemoViewController.swift */; };
		B70228CC29461943000D0CFC /* UIColor+Extension.swift in Sources */ = {isa = PBXBuildFile; fileRef = B70228CB29461943000D0CFC /* UIColor+Extension.swift */; };
		B71A84862949A6B300321857 /* UIViewController+Extension.swift in Sources */ = {isa = PBXBuildFile; fileRef = B71A84852949A6B300321857 /* UIViewController+Extension.swift */; };
		B71A8488294A199600321857 /* PaddingLabel.swift in Sources */ = {isa = PBXBuildFile; fileRef = B71A8487294A199600321857 /* PaddingLabel.swift */; };
		B71A848A294A1B6800321857 /* SelectCategoryViewController.swift in Sources */ = {isa = PBXBuildFile; fileRef = B71A8489294A1B6800321857 /* SelectCategoryViewController.swift */; };
		B71A848C294A8DA400321857 /* SelectCateogryView.swift in Sources */ = {isa = PBXBuildFile; fileRef = B71A848B294A8DA400321857 /* SelectCateogryView.swift */; };
		B7447FA1294746100074259E /* UITextField+Extension.swift in Sources */ = {isa = PBXBuildFile; fileRef = B7447FA0294746100074259E /* UITextField+Extension.swift */; };
		B7570DE32960125300B2E7C3 /* NaverMapProxy.swift in Sources */ = {isa = PBXBuildFile; fileRef = B7570DE22960125300B2E7C3 /* NaverMapProxy.swift */; };
		B7570DE52960136800B2E7C3 /* Marker.swift in Sources */ = {isa = PBXBuildFile; fileRef = B7570DE42960136800B2E7C3 /* Marker.swift */; };
		B7570DE72960159800B2E7C3 /* MarkerViewModel.swift in Sources */ = {isa = PBXBuildFile; fileRef = B7570DE62960159800B2E7C3 /* MarkerViewModel.swift */; };
		B762825B2951DB29003560E3 /* SwipeCellKit in Frameworks */ = {isa = PBXBuildFile; productRef = B762825A2951DB29003560E3 /* SwipeCellKit */; };
		B7B105DF2954AB4B00C9BC45 /* ToastLabel.swift in Sources */ = {isa = PBXBuildFile; fileRef = B7B105DE2954AB4B00C9BC45 /* ToastLabel.swift */; };
		B7B105E22956A8CE00C9BC45 /* CombineDataSources in Frameworks */ = {isa = PBXBuildFile; productRef = B7B105E12956A8CE00C9BC45 /* CombineDataSources */; };
		B7B105E6295731AD00C9BC45 /* EditPickMemoViewController.swift in Sources */ = {isa = PBXBuildFile; fileRef = B7B105E5295731AD00C9BC45 /* EditPickMemoViewController.swift */; };
		B7B105E8295731CD00C9BC45 /* EditPickMemoView.swift in Sources */ = {isa = PBXBuildFile; fileRef = B7B105E7295731CD00C9BC45 /* EditPickMemoView.swift */; };
		B7B105EA295731E500C9BC45 /* EditMemoViewModel.swift in Sources */ = {isa = PBXBuildFile; fileRef = B7B105E9295731E500C9BC45 /* EditMemoViewModel.swift */; };
		B7EC9E59294D54EF00AA0415 /* UserInputViewModel.swift in Sources */ = {isa = PBXBuildFile; fileRef = B7EC9E58294D54EF00AA0415 /* UserInputViewModel.swift */; };
		B7EC9E5B294D5DDC00AA0415 /* WritePickMemoView.swift in Sources */ = {isa = PBXBuildFile; fileRef = B7EC9E5A294D5DDC00AA0415 /* WritePickMemoView.swift */; };
		B7EC9E5D294D628B00AA0415 /* UITextView+Extension.swift in Sources */ = {isa = PBXBuildFile; fileRef = B7EC9E5C294D628B00AA0415 /* UITextView+Extension.swift */; };
		B7EC9E5F294D632900AA0415 /* UIButton+Extension.swift in Sources */ = {isa = PBXBuildFile; fileRef = B7EC9E5E294D632900AA0415 /* UIButton+Extension.swift */; };
		B7EC9E61294D6CD600AA0415 /* MainNavigationTitleLabel.swift in Sources */ = {isa = PBXBuildFile; fileRef = B7EC9E60294D6CD600AA0415 /* MainNavigationTitleLabel.swift */; };
		B7EC9E64294D96FF00AA0415 /* SelectCategoryTableViewCell.swift in Sources */ = {isa = PBXBuildFile; fileRef = B7EC9E63294D96FF00AA0415 /* SelectCategoryTableViewCell.swift */; };
		B7EC9E66294E13CF00AA0415 /* UILabel+Extension.swift in Sources */ = {isa = PBXBuildFile; fileRef = B7EC9E65294E13CF00AA0415 /* UILabel+Extension.swift */; };
		B7EC9E68294E16DF00AA0415 /* SelectCategoryViewModel.swift in Sources */ = {isa = PBXBuildFile; fileRef = B7EC9E67294E16DF00AA0415 /* SelectCategoryViewModel.swift */; };
		B7EC9E6E29502A6400AA0415 /* MemoViewModel.swift in Sources */ = {isa = PBXBuildFile; fileRef = B7EC9E6D29502A6400AA0415 /* MemoViewModel.swift */; };
		B7EC9E7029502ADE00AA0415 /* Memo.swift in Sources */ = {isa = PBXBuildFile; fileRef = B7EC9E6F29502ADE00AA0415 /* Memo.swift */; };
		B7EC9EBC2950846300AA0415 /* CombineCocoa in Frameworks */ = {isa = PBXBuildFile; productRef = B7EC9EBB2950846300AA0415 /* CombineCocoa */; };
		B7EC9EBE29514FE600AA0415 /* SavedPickMemoTableViewCell.swift in Sources */ = {isa = PBXBuildFile; fileRef = B7EC9EBD29514FE600AA0415 /* SavedPickMemoTableViewCell.swift */; };
		B7EC9EC02951605100AA0415 /* UserDefaultsManager.swift in Sources */ = {isa = PBXBuildFile; fileRef = B7EC9EBF2951605100AA0415 /* UserDefaultsManager.swift */; };
		C6EF53CEEF802F105ABAACFC /* Pods_PickMemoTests.framework in Frameworks */ = {isa = PBXBuildFile; fileRef = 7AEEA9FF8C40599FDE1261BF /* Pods_PickMemoTests.framework */; };
/* End PBXBuildFile section */

/* Begin PBXContainerItemProxy section */
		B702289F29460C28000D0CFC /* PBXContainerItemProxy */ = {
			isa = PBXContainerItemProxy;
			containerPortal = B702288029460C26000D0CFC /* Project object */;
			proxyType = 1;
			remoteGlobalIDString = B702288729460C26000D0CFC;
			remoteInfo = PickMemo;
		};
		B70228A929460C28000D0CFC /* PBXContainerItemProxy */ = {
			isa = PBXContainerItemProxy;
			containerPortal = B702288029460C26000D0CFC /* Project object */;
			proxyType = 1;
			remoteGlobalIDString = B702288729460C26000D0CFC;
			remoteInfo = PickMemo;
		};
/* End PBXContainerItemProxy section */

/* Begin PBXFileReference section */
		2E38358698B1116E518052EB /* Pods_PickMemo.framework */ = {isa = PBXFileReference; explicitFileType = wrapper.framework; includeInIndex = 0; path = Pods_PickMemo.framework; sourceTree = BUILT_PRODUCTS_DIR; };
		408DDDDC3A91FB154BF63A8E /* Pods-PickMemoTests.release.xcconfig */ = {isa = PBXFileReference; includeInIndex = 1; lastKnownFileType = text.xcconfig; name = "Pods-PickMemoTests.release.xcconfig"; path = "Target Support Files/Pods-PickMemoTests/Pods-PickMemoTests.release.xcconfig"; sourceTree = "<group>"; };
		41521503140625580318EF3B /* Pods-PickMemoTests.debug.xcconfig */ = {isa = PBXFileReference; includeInIndex = 1; lastKnownFileType = text.xcconfig; name = "Pods-PickMemoTests.debug.xcconfig"; path = "Target Support Files/Pods-PickMemoTests/Pods-PickMemoTests.debug.xcconfig"; sourceTree = "<group>"; };
		6767DA1C97CBC2E772002E13 /* Pods-PickMemo.debug.xcconfig */ = {isa = PBXFileReference; includeInIndex = 1; lastKnownFileType = text.xcconfig; name = "Pods-PickMemo.debug.xcconfig"; path = "Target Support Files/Pods-PickMemo/Pods-PickMemo.debug.xcconfig"; sourceTree = "<group>"; };
		7AEEA9FF8C40599FDE1261BF /* Pods_PickMemoTests.framework */ = {isa = PBXFileReference; explicitFileType = wrapper.framework; includeInIndex = 0; path = Pods_PickMemoTests.framework; sourceTree = BUILT_PRODUCTS_DIR; };
		90910D8F0F4C8DA906555BA6 /* Pods-PickMemo-PickMemoUITests.release.xcconfig */ = {isa = PBXFileReference; includeInIndex = 1; lastKnownFileType = text.xcconfig; name = "Pods-PickMemo-PickMemoUITests.release.xcconfig"; path = "Target Support Files/Pods-PickMemo-PickMemoUITests/Pods-PickMemo-PickMemoUITests.release.xcconfig"; sourceTree = "<group>"; };
		99BDDF97767E9AE965ADB7E1 /* Pods-PickMemo-PickMemoUITests.debug.xcconfig */ = {isa = PBXFileReference; includeInIndex = 1; lastKnownFileType = text.xcconfig; name = "Pods-PickMemo-PickMemoUITests.debug.xcconfig"; path = "Target Support Files/Pods-PickMemo-PickMemoUITests/Pods-PickMemo-PickMemoUITests.debug.xcconfig"; sourceTree = "<group>"; };
		B702288829460C26000D0CFC /* PickMemo.app */ = {isa = PBXFileReference; explicitFileType = wrapper.application; includeInIndex = 0; path = PickMemo.app; sourceTree = BUILT_PRODUCTS_DIR; };
		B702288B29460C26000D0CFC /* AppDelegate.swift */ = {isa = PBXFileReference; lastKnownFileType = sourcecode.swift; path = AppDelegate.swift; sourceTree = "<group>"; };
		B702288D29460C26000D0CFC /* SceneDelegate.swift */ = {isa = PBXFileReference; lastKnownFileType = sourcecode.swift; path = SceneDelegate.swift; sourceTree = "<group>"; };
		B702289229460C26000D0CFC /* Base */ = {isa = PBXFileReference; lastKnownFileType = file.storyboard; name = Base; path = Base.lproj/Main.storyboard; sourceTree = "<group>"; };
		B702289429460C28000D0CFC /* Assets.xcassets */ = {isa = PBXFileReference; lastKnownFileType = folder.assetcatalog; path = Assets.xcassets; sourceTree = "<group>"; };
		B702289729460C28000D0CFC /* Base */ = {isa = PBXFileReference; lastKnownFileType = file.storyboard; name = Base; path = Base.lproj/LaunchScreen.storyboard; sourceTree = "<group>"; };
		B702289929460C28000D0CFC /* Info.plist */ = {isa = PBXFileReference; lastKnownFileType = text.plist.xml; path = Info.plist; sourceTree = "<group>"; };
		B702289E29460C28000D0CFC /* PickMemoTests.xctest */ = {isa = PBXFileReference; explicitFileType = wrapper.cfbundle; includeInIndex = 0; path = PickMemoTests.xctest; sourceTree = BUILT_PRODUCTS_DIR; };
		B70228A229460C28000D0CFC /* PickMemoTests.swift */ = {isa = PBXFileReference; lastKnownFileType = sourcecode.swift; path = PickMemoTests.swift; sourceTree = "<group>"; };
		B70228A829460C28000D0CFC /* PickMemoUITests.xctest */ = {isa = PBXFileReference; explicitFileType = wrapper.cfbundle; includeInIndex = 0; path = PickMemoUITests.xctest; sourceTree = BUILT_PRODUCTS_DIR; };
		B70228AC29460C28000D0CFC /* PickMemoUITests.swift */ = {isa = PBXFileReference; lastKnownFileType = sourcecode.swift; path = PickMemoUITests.swift; sourceTree = "<group>"; };
		B70228AE29460C28000D0CFC /* PickMemoUITestsLaunchTests.swift */ = {isa = PBXFileReference; lastKnownFileType = sourcecode.swift; path = PickMemoUITestsLaunchTests.swift; sourceTree = "<group>"; };
		B70228BB29460C81000D0CFC /* MainTabBarViewController.swift */ = {isa = PBXFileReference; lastKnownFileType = sourcecode.swift; path = MainTabBarViewController.swift; sourceTree = "<group>"; };
		B70228BD29460CCF000D0CFC /* PickMemoViewController.swift */ = {isa = PBXFileReference; lastKnownFileType = sourcecode.swift; path = PickMemoViewController.swift; sourceTree = "<group>"; };
		B70228BF29460CD8000D0CFC /* SavedPickMemoViewController.swift */ = {isa = PBXFileReference; lastKnownFileType = sourcecode.swift; path = SavedPickMemoViewController.swift; sourceTree = "<group>"; };
		B70228C929461770000D0CFC /* WritePickMemoViewController.swift */ = {isa = PBXFileReference; lastKnownFileType = sourcecode.swift; path = WritePickMemoViewController.swift; sourceTree = "<group>"; };
		B70228CB29461943000D0CFC /* UIColor+Extension.swift */ = {isa = PBXFileReference; lastKnownFileType = sourcecode.swift; path = "UIColor+Extension.swift"; sourceTree = "<group>"; };
		B71A84852949A6B300321857 /* UIViewController+Extension.swift */ = {isa = PBXFileReference; lastKnownFileType = sourcecode.swift; path = "UIViewController+Extension.swift"; sourceTree = "<group>"; };
		B71A8487294A199600321857 /* PaddingLabel.swift */ = {isa = PBXFileReference; lastKnownFileType = sourcecode.swift; path = PaddingLabel.swift; sourceTree = "<group>"; };
		B71A8489294A1B6800321857 /* SelectCategoryViewController.swift */ = {isa = PBXFileReference; lastKnownFileType = sourcecode.swift; path = SelectCategoryViewController.swift; sourceTree = "<group>"; };
		B71A848B294A8DA400321857 /* SelectCateogryView.swift */ = {isa = PBXFileReference; lastKnownFileType = sourcecode.swift; path = SelectCateogryView.swift; sourceTree = "<group>"; };
		B7447FA0294746100074259E /* UITextField+Extension.swift */ = {isa = PBXFileReference; lastKnownFileType = sourcecode.swift; path = "UITextField+Extension.swift"; sourceTree = "<group>"; };
		B7570DE22960125300B2E7C3 /* NaverMapProxy.swift */ = {isa = PBXFileReference; lastKnownFileType = sourcecode.swift; path = NaverMapProxy.swift; sourceTree = "<group>"; };
		B7570DE42960136800B2E7C3 /* Marker.swift */ = {isa = PBXFileReference; lastKnownFileType = sourcecode.swift; path = Marker.swift; sourceTree = "<group>"; };
		B7570DE62960159800B2E7C3 /* MarkerViewModel.swift */ = {isa = PBXFileReference; lastKnownFileType = sourcecode.swift; path = MarkerViewModel.swift; sourceTree = "<group>"; };
		B7B105DE2954AB4B00C9BC45 /* ToastLabel.swift */ = {isa = PBXFileReference; lastKnownFileType = sourcecode.swift; path = ToastLabel.swift; sourceTree = "<group>"; };
		B7B105E5295731AD00C9BC45 /* EditPickMemoViewController.swift */ = {isa = PBXFileReference; lastKnownFileType = sourcecode.swift; path = EditPickMemoViewController.swift; sourceTree = "<group>"; };
		B7B105E7295731CD00C9BC45 /* EditPickMemoView.swift */ = {isa = PBXFileReference; lastKnownFileType = sourcecode.swift; path = EditPickMemoView.swift; sourceTree = "<group>"; };
		B7B105E9295731E500C9BC45 /* EditMemoViewModel.swift */ = {isa = PBXFileReference; lastKnownFileType = sourcecode.swift; path = EditMemoViewModel.swift; sourceTree = "<group>"; };
		B7EC9E58294D54EF00AA0415 /* UserInputViewModel.swift */ = {isa = PBXFileReference; lastKnownFileType = sourcecode.swift; path = UserInputViewModel.swift; sourceTree = "<group>"; };
		B7EC9E5A294D5DDC00AA0415 /* WritePickMemoView.swift */ = {isa = PBXFileReference; lastKnownFileType = sourcecode.swift; path = WritePickMemoView.swift; sourceTree = "<group>"; };
		B7EC9E5C294D628B00AA0415 /* UITextView+Extension.swift */ = {isa = PBXFileReference; lastKnownFileType = sourcecode.swift; path = "UITextView+Extension.swift"; sourceTree = "<group>"; };
		B7EC9E5E294D632900AA0415 /* UIButton+Extension.swift */ = {isa = PBXFileReference; lastKnownFileType = sourcecode.swift; path = "UIButton+Extension.swift"; sourceTree = "<group>"; };
		B7EC9E60294D6CD600AA0415 /* MainNavigationTitleLabel.swift */ = {isa = PBXFileReference; lastKnownFileType = sourcecode.swift; path = MainNavigationTitleLabel.swift; sourceTree = "<group>"; };
		B7EC9E63294D96FF00AA0415 /* SelectCategoryTableViewCell.swift */ = {isa = PBXFileReference; lastKnownFileType = sourcecode.swift; path = SelectCategoryTableViewCell.swift; sourceTree = "<group>"; };
		B7EC9E65294E13CF00AA0415 /* UILabel+Extension.swift */ = {isa = PBXFileReference; lastKnownFileType = sourcecode.swift; path = "UILabel+Extension.swift"; sourceTree = "<group>"; };
		B7EC9E67294E16DF00AA0415 /* SelectCategoryViewModel.swift */ = {isa = PBXFileReference; lastKnownFileType = sourcecode.swift; path = SelectCategoryViewModel.swift; sourceTree = "<group>"; };
		B7EC9E6D29502A6400AA0415 /* MemoViewModel.swift */ = {isa = PBXFileReference; lastKnownFileType = sourcecode.swift; path = MemoViewModel.swift; sourceTree = "<group>"; };
		B7EC9E6F29502ADE00AA0415 /* Memo.swift */ = {isa = PBXFileReference; lastKnownFileType = sourcecode.swift; path = Memo.swift; sourceTree = "<group>"; };
		B7EC9EBD29514FE600AA0415 /* SavedPickMemoTableViewCell.swift */ = {isa = PBXFileReference; lastKnownFileType = sourcecode.swift; path = SavedPickMemoTableViewCell.swift; sourceTree = "<group>"; };
		B7EC9EBF2951605100AA0415 /* UserDefaultsManager.swift */ = {isa = PBXFileReference; lastKnownFileType = sourcecode.swift; path = UserDefaultsManager.swift; sourceTree = "<group>"; };
		C6516198623715269CE16188 /* Pods-PickMemo.release.xcconfig */ = {isa = PBXFileReference; includeInIndex = 1; lastKnownFileType = text.xcconfig; name = "Pods-PickMemo.release.xcconfig"; path = "Target Support Files/Pods-PickMemo/Pods-PickMemo.release.xcconfig"; sourceTree = "<group>"; };
		D215787D579A020E5AE8E01E /* Pods_PickMemo_PickMemoUITests.framework */ = {isa = PBXFileReference; explicitFileType = wrapper.framework; includeInIndex = 0; path = Pods_PickMemo_PickMemoUITests.framework; sourceTree = BUILT_PRODUCTS_DIR; };
/* End PBXFileReference section */

/* Begin PBXFrameworksBuildPhase section */
		B702288529460C26000D0CFC /* Frameworks */ = {
			isa = PBXFrameworksBuildPhase;
			buildActionMask = 2147483647;
			files = (
				B762825B2951DB29003560E3 /* SwipeCellKit in Frameworks */,
				B70228C529461044000D0CFC /* SDWebImage in Frameworks */,
				B7B105E22956A8CE00C9BC45 /* CombineDataSources in Frameworks */,
				B7EC9EBC2950846300AA0415 /* CombineCocoa in Frameworks */,
				B70228C8294610E4000D0CFC /* SnapKit in Frameworks */,
				82791557ED9515B93C5C199B /* Pods_PickMemo.framework in Frameworks */,
			);
			runOnlyForDeploymentPostprocessing = 0;
		};
		B702289B29460C28000D0CFC /* Frameworks */ = {
			isa = PBXFrameworksBuildPhase;
			buildActionMask = 2147483647;
			files = (
				C6EF53CEEF802F105ABAACFC /* Pods_PickMemoTests.framework in Frameworks */,
			);
			runOnlyForDeploymentPostprocessing = 0;
		};
		B70228A529460C28000D0CFC /* Frameworks */ = {
			isa = PBXFrameworksBuildPhase;
			buildActionMask = 2147483647;
			files = (
				89ACFB29454BB9E1925D9261 /* Pods_PickMemo_PickMemoUITests.framework in Frameworks */,
			);
			runOnlyForDeploymentPostprocessing = 0;
		};
/* End PBXFrameworksBuildPhase section */

/* Begin PBXGroup section */
		1E3661CDAFF962469DF21325 /* Frameworks */ = {
			isa = PBXGroup;
			children = (
				2E38358698B1116E518052EB /* Pods_PickMemo.framework */,
				D215787D579A020E5AE8E01E /* Pods_PickMemo_PickMemoUITests.framework */,
				7AEEA9FF8C40599FDE1261BF /* Pods_PickMemoTests.framework */,
			);
			name = Frameworks;
			sourceTree = "<group>";
		};
		5338DFBB08E25EA9B6285EB8 /* Pods */ = {
			isa = PBXGroup;
			children = (
				6767DA1C97CBC2E772002E13 /* Pods-PickMemo.debug.xcconfig */,
				C6516198623715269CE16188 /* Pods-PickMemo.release.xcconfig */,
				99BDDF97767E9AE965ADB7E1 /* Pods-PickMemo-PickMemoUITests.debug.xcconfig */,
				90910D8F0F4C8DA906555BA6 /* Pods-PickMemo-PickMemoUITests.release.xcconfig */,
				41521503140625580318EF3B /* Pods-PickMemoTests.debug.xcconfig */,
				408DDDDC3A91FB154BF63A8E /* Pods-PickMemoTests.release.xcconfig */,
			);
			path = Pods;
			sourceTree = "<group>";
		};
		B702287F29460C26000D0CFC = {
			isa = PBXGroup;
			children = (
				B7447F9F294745FB0074259E /* Extension */,
				B702288A29460C26000D0CFC /* PickMemo */,
				B70228A129460C28000D0CFC /* PickMemoTests */,
				B70228AB29460C28000D0CFC /* PickMemoUITests */,
				B702288929460C26000D0CFC /* Products */,
				5338DFBB08E25EA9B6285EB8 /* Pods */,
				1E3661CDAFF962469DF21325 /* Frameworks */,
			);
			sourceTree = "<group>";
		};
		B702288929460C26000D0CFC /* Products */ = {
			isa = PBXGroup;
			children = (
				B702288829460C26000D0CFC /* PickMemo.app */,
				B702289E29460C28000D0CFC /* PickMemoTests.xctest */,
				B70228A829460C28000D0CFC /* PickMemoUITests.xctest */,
			);
			name = Products;
			sourceTree = "<group>";
		};
		B702288A29460C26000D0CFC /* PickMemo */ = {
			isa = PBXGroup;
			children = (
				B70228C229460DDE000D0CFC /* TabBarViewController */,
				B70228C129460CDC000D0CFC /* Controllers */,
				B702288B29460C26000D0CFC /* AppDelegate.swift */,
				B702288D29460C26000D0CFC /* SceneDelegate.swift */,
				B7EC9EBF2951605100AA0415 /* UserDefaultsManager.swift */,
				B702289129460C26000D0CFC /* Main.storyboard */,
				B702289429460C28000D0CFC /* Assets.xcassets */,
				B702289629460C28000D0CFC /* LaunchScreen.storyboard */,
				B702289929460C28000D0CFC /* Info.plist */,
				B7570DE22960125300B2E7C3 /* NaverMapProxy.swift */,
			);
			path = PickMemo;
			sourceTree = "<group>";
		};
		B70228A129460C28000D0CFC /* PickMemoTests */ = {
			isa = PBXGroup;
			children = (
				B70228A229460C28000D0CFC /* PickMemoTests.swift */,
			);
			path = PickMemoTests;
			sourceTree = "<group>";
		};
		B70228AB29460C28000D0CFC /* PickMemoUITests */ = {
			isa = PBXGroup;
			children = (
				B70228AC29460C28000D0CFC /* PickMemoUITests.swift */,
				B70228AE29460C28000D0CFC /* PickMemoUITestsLaunchTests.swift */,
			);
			path = PickMemoUITests;
			sourceTree = "<group>";
		};
		B70228C129460CDC000D0CFC /* Controllers */ = {
			isa = PBXGroup;
			children = (
				B7B105E42957317A00C9BC45 /* EditMemoViewController */,
				B70228BD29460CCF000D0CFC /* PickMemoViewController.swift */,
				B7EC9E6C29500FA400AA0415 /* Write */,
				B7EC9E62294D96D500AA0415 /* SelectCategory */,
				B7EC9E58294D54EF00AA0415 /* UserInputViewModel.swift */,
				B7EC9E6D29502A6400AA0415 /* MemoViewModel.swift */,
				B7EC9E6F29502ADE00AA0415 /* Memo.swift */,
				B7570DE42960136800B2E7C3 /* Marker.swift */,
				B7570DE62960159800B2E7C3 /* MarkerViewModel.swift */,
			);
			path = Controllers;
			sourceTree = "<group>";
		};
		B70228C229460DDE000D0CFC /* TabBarViewController */ = {
			isa = PBXGroup;
			children = (
				B70228BB29460C81000D0CFC /* MainTabBarViewController.swift */,
				B70228BF29460CD8000D0CFC /* SavedPickMemoViewController.swift */,
				B7EC9EBD29514FE600AA0415 /* SavedPickMemoTableViewCell.swift */,
			);
			path = TabBarViewController;
			sourceTree = "<group>";
		};
		B7447F9F294745FB0074259E /* Extension */ = {
			isa = PBXGroup;
			children = (
				B7447FA0294746100074259E /* UITextField+Extension.swift */,
				B70228CB29461943000D0CFC /* UIColor+Extension.swift */,
				B71A84852949A6B300321857 /* UIViewController+Extension.swift */,
				B7EC9E5C294D628B00AA0415 /* UITextView+Extension.swift */,
				B71A8487294A199600321857 /* PaddingLabel.swift */,
				B7EC9E60294D6CD600AA0415 /* MainNavigationTitleLabel.swift */,
				B7EC9E5E294D632900AA0415 /* UIButton+Extension.swift */,
				B7EC9E65294E13CF00AA0415 /* UILabel+Extension.swift */,
				B7B105DE2954AB4B00C9BC45 /* ToastLabel.swift */,
			);
			path = Extension;
			sourceTree = "<group>";
		};
		B7B105E42957317A00C9BC45 /* EditMemoViewController */ = {
			isa = PBXGroup;
			children = (
				B7B105E5295731AD00C9BC45 /* EditPickMemoViewController.swift */,
				B7B105E7295731CD00C9BC45 /* EditPickMemoView.swift */,
				B7B105E9295731E500C9BC45 /* EditMemoViewModel.swift */,
			);
			path = EditMemoViewController;
			sourceTree = "<group>";
		};
		B7EC9E62294D96D500AA0415 /* SelectCategory */ = {
			isa = PBXGroup;
			children = (
				B7EC9E67294E16DF00AA0415 /* SelectCategoryViewModel.swift */,
				B71A8489294A1B6800321857 /* SelectCategoryViewController.swift */,
				B71A848B294A8DA400321857 /* SelectCateogryView.swift */,
				B7EC9E63294D96FF00AA0415 /* SelectCategoryTableViewCell.swift */,
			);
			path = SelectCategory;
			sourceTree = "<group>";
		};
		B7EC9E6C29500FA400AA0415 /* Write */ = {
			isa = PBXGroup;
			children = (
				B70228C929461770000D0CFC /* WritePickMemoViewController.swift */,
				B7EC9E5A294D5DDC00AA0415 /* WritePickMemoView.swift */,
			);
			path = Write;
			sourceTree = "<group>";
		};
/* End PBXGroup section */

/* Begin PBXNativeTarget section */
		B702288729460C26000D0CFC /* PickMemo */ = {
			isa = PBXNativeTarget;
			buildConfigurationList = B70228B229460C28000D0CFC /* Build configuration list for PBXNativeTarget "PickMemo" */;
			buildPhases = (
				DFCBEDC9CC0F1EF24F81600D /* [CP] Check Pods Manifest.lock */,
				B702288429460C26000D0CFC /* Sources */,
				B702288529460C26000D0CFC /* Frameworks */,
				B702288629460C26000D0CFC /* Resources */,
				5D028A0EA648BE4DE91D3F57 /* [CP] Embed Pods Frameworks */,
			);
			buildRules = (
			);
			dependencies = (
			);
			name = PickMemo;
			packageProductDependencies = (
				B70228C429461044000D0CFC /* SDWebImage */,
				B70228C7294610E4000D0CFC /* SnapKit */,
				B7EC9EBB2950846300AA0415 /* CombineCocoa */,
				B762825A2951DB29003560E3 /* SwipeCellKit */,
				B7B105E12956A8CE00C9BC45 /* CombineDataSources */,
			);
			productName = PickMemo;
			productReference = B702288829460C26000D0CFC /* PickMemo.app */;
			productType = "com.apple.product-type.application";
		};
		B702289D29460C28000D0CFC /* PickMemoTests */ = {
			isa = PBXNativeTarget;
			buildConfigurationList = B70228B529460C28000D0CFC /* Build configuration list for PBXNativeTarget "PickMemoTests" */;
			buildPhases = (
				BB4FCBC61B9C610F9F11E74D /* [CP] Check Pods Manifest.lock */,
				B702289A29460C28000D0CFC /* Sources */,
				B702289B29460C28000D0CFC /* Frameworks */,
				B702289C29460C28000D0CFC /* Resources */,
			);
			buildRules = (
			);
			dependencies = (
				B70228A029460C28000D0CFC /* PBXTargetDependency */,
			);
			name = PickMemoTests;
			productName = PickMemoTests;
			productReference = B702289E29460C28000D0CFC /* PickMemoTests.xctest */;
			productType = "com.apple.product-type.bundle.unit-test";
		};
		B70228A729460C28000D0CFC /* PickMemoUITests */ = {
			isa = PBXNativeTarget;
			buildConfigurationList = B70228B829460C28000D0CFC /* Build configuration list for PBXNativeTarget "PickMemoUITests" */;
			buildPhases = (
				729231ABBFD034E36CDBA687 /* [CP] Check Pods Manifest.lock */,
				B70228A429460C28000D0CFC /* Sources */,
				B70228A529460C28000D0CFC /* Frameworks */,
				B70228A629460C28000D0CFC /* Resources */,
				A5AE7ECF05EED83361E8FBCC /* [CP] Embed Pods Frameworks */,
			);
			buildRules = (
			);
			dependencies = (
				B70228AA29460C28000D0CFC /* PBXTargetDependency */,
			);
			name = PickMemoUITests;
			productName = PickMemoUITests;
			productReference = B70228A829460C28000D0CFC /* PickMemoUITests.xctest */;
			productType = "com.apple.product-type.bundle.ui-testing";
		};
/* End PBXNativeTarget section */

/* Begin PBXProject section */
		B702288029460C26000D0CFC /* Project object */ = {
			isa = PBXProject;
			attributes = {
				BuildIndependentTargetsInParallel = 1;
				LastSwiftUpdateCheck = 1400;
				LastUpgradeCheck = 1400;
				TargetAttributes = {
					B702288729460C26000D0CFC = {
						CreatedOnToolsVersion = 14.0;
					};
					B702289D29460C28000D0CFC = {
						CreatedOnToolsVersion = 14.0;
						TestTargetID = B702288729460C26000D0CFC;
					};
					B70228A729460C28000D0CFC = {
						CreatedOnToolsVersion = 14.0;
						TestTargetID = B702288729460C26000D0CFC;
					};
				};
			};
			buildConfigurationList = B702288329460C26000D0CFC /* Build configuration list for PBXProject "PickMemo" */;
			compatibilityVersion = "Xcode 14.0";
			developmentRegion = en;
			hasScannedForEncodings = 0;
			knownRegions = (
				en,
				Base,
			);
			mainGroup = B702287F29460C26000D0CFC;
			packageReferences = (
				B70228C329461044000D0CFC /* XCRemoteSwiftPackageReference "SDWebImage" */,
				B70228C6294610E4000D0CFC /* XCRemoteSwiftPackageReference "SnapKit" */,
				B7EC9EBA2950846300AA0415 /* XCRemoteSwiftPackageReference "CombineCocoa" */,
				B76282592951DB29003560E3 /* XCRemoteSwiftPackageReference "SwipeCellKit" */,
				B7B105E02956A8CE00C9BC45 /* XCRemoteSwiftPackageReference "CombineDataSources" */,
			);
			productRefGroup = B702288929460C26000D0CFC /* Products */;
			projectDirPath = "";
			projectRoot = "";
			targets = (
				B702288729460C26000D0CFC /* PickMemo */,
				B702289D29460C28000D0CFC /* PickMemoTests */,
				B70228A729460C28000D0CFC /* PickMemoUITests */,
			);
		};
/* End PBXProject section */

/* Begin PBXResourcesBuildPhase section */
		B702288629460C26000D0CFC /* Resources */ = {
			isa = PBXResourcesBuildPhase;
			buildActionMask = 2147483647;
			files = (
				B702289829460C28000D0CFC /* LaunchScreen.storyboard in Resources */,
				B702289529460C28000D0CFC /* Assets.xcassets in Resources */,
				B702289329460C26000D0CFC /* Main.storyboard in Resources */,
			);
			runOnlyForDeploymentPostprocessing = 0;
		};
		B702289C29460C28000D0CFC /* Resources */ = {
			isa = PBXResourcesBuildPhase;
			buildActionMask = 2147483647;
			files = (
			);
			runOnlyForDeploymentPostprocessing = 0;
		};
		B70228A629460C28000D0CFC /* Resources */ = {
			isa = PBXResourcesBuildPhase;
			buildActionMask = 2147483647;
			files = (
			);
			runOnlyForDeploymentPostprocessing = 0;
		};
/* End PBXResourcesBuildPhase section */

/* Begin PBXShellScriptBuildPhase section */
		5D028A0EA648BE4DE91D3F57 /* [CP] Embed Pods Frameworks */ = {
			isa = PBXShellScriptBuildPhase;
			buildActionMask = 2147483647;
			files = (
			);
			inputFileListPaths = (
				"${PODS_ROOT}/Target Support Files/Pods-PickMemo/Pods-PickMemo-frameworks-${CONFIGURATION}-input-files.xcfilelist",
			);
			name = "[CP] Embed Pods Frameworks";
			outputFileListPaths = (
				"${PODS_ROOT}/Target Support Files/Pods-PickMemo/Pods-PickMemo-frameworks-${CONFIGURATION}-output-files.xcfilelist",
			);
			runOnlyForDeploymentPostprocessing = 0;
			shellPath = /bin/sh;
			shellScript = "\"${PODS_ROOT}/Target Support Files/Pods-PickMemo/Pods-PickMemo-frameworks.sh\"\n";
			showEnvVarsInLog = 0;
		};
		729231ABBFD034E36CDBA687 /* [CP] Check Pods Manifest.lock */ = {
			isa = PBXShellScriptBuildPhase;
			buildActionMask = 2147483647;
			files = (
			);
			inputFileListPaths = (
			);
			inputPaths = (
				"${PODS_PODFILE_DIR_PATH}/Podfile.lock",
				"${PODS_ROOT}/Manifest.lock",
			);
			name = "[CP] Check Pods Manifest.lock";
			outputFileListPaths = (
			);
			outputPaths = (
				"$(DERIVED_FILE_DIR)/Pods-PickMemo-PickMemoUITests-checkManifestLockResult.txt",
			);
			runOnlyForDeploymentPostprocessing = 0;
			shellPath = /bin/sh;
			shellScript = "diff \"${PODS_PODFILE_DIR_PATH}/Podfile.lock\" \"${PODS_ROOT}/Manifest.lock\" > /dev/null\nif [ $? != 0 ] ; then\n    # print error to STDERR\n    echo \"error: The sandbox is not in sync with the Podfile.lock. Run 'pod install' or update your CocoaPods installation.\" >&2\n    exit 1\nfi\n# This output is used by Xcode 'outputs' to avoid re-running this script phase.\necho \"SUCCESS\" > \"${SCRIPT_OUTPUT_FILE_0}\"\n";
			showEnvVarsInLog = 0;
		};
		A5AE7ECF05EED83361E8FBCC /* [CP] Embed Pods Frameworks */ = {
			isa = PBXShellScriptBuildPhase;
			buildActionMask = 2147483647;
			files = (
			);
			inputFileListPaths = (
				"${PODS_ROOT}/Target Support Files/Pods-PickMemo-PickMemoUITests/Pods-PickMemo-PickMemoUITests-frameworks-${CONFIGURATION}-input-files.xcfilelist",
			);
			name = "[CP] Embed Pods Frameworks";
			outputFileListPaths = (
				"${PODS_ROOT}/Target Support Files/Pods-PickMemo-PickMemoUITests/Pods-PickMemo-PickMemoUITests-frameworks-${CONFIGURATION}-output-files.xcfilelist",
			);
			runOnlyForDeploymentPostprocessing = 0;
			shellPath = /bin/sh;
			shellScript = "\"${PODS_ROOT}/Target Support Files/Pods-PickMemo-PickMemoUITests/Pods-PickMemo-PickMemoUITests-frameworks.sh\"\n";
			showEnvVarsInLog = 0;
		};
		BB4FCBC61B9C610F9F11E74D /* [CP] Check Pods Manifest.lock */ = {
			isa = PBXShellScriptBuildPhase;
			buildActionMask = 2147483647;
			files = (
			);
			inputFileListPaths = (
			);
			inputPaths = (
				"${PODS_PODFILE_DIR_PATH}/Podfile.lock",
				"${PODS_ROOT}/Manifest.lock",
			);
			name = "[CP] Check Pods Manifest.lock";
			outputFileListPaths = (
			);
			outputPaths = (
				"$(DERIVED_FILE_DIR)/Pods-PickMemoTests-checkManifestLockResult.txt",
			);
			runOnlyForDeploymentPostprocessing = 0;
			shellPath = /bin/sh;
			shellScript = "diff \"${PODS_PODFILE_DIR_PATH}/Podfile.lock\" \"${PODS_ROOT}/Manifest.lock\" > /dev/null\nif [ $? != 0 ] ; then\n    # print error to STDERR\n    echo \"error: The sandbox is not in sync with the Podfile.lock. Run 'pod install' or update your CocoaPods installation.\" >&2\n    exit 1\nfi\n# This output is used by Xcode 'outputs' to avoid re-running this script phase.\necho \"SUCCESS\" > \"${SCRIPT_OUTPUT_FILE_0}\"\n";
			showEnvVarsInLog = 0;
		};
		DFCBEDC9CC0F1EF24F81600D /* [CP] Check Pods Manifest.lock */ = {
			isa = PBXShellScriptBuildPhase;
			buildActionMask = 2147483647;
			files = (
			);
			inputFileListPaths = (
			);
			inputPaths = (
				"${PODS_PODFILE_DIR_PATH}/Podfile.lock",
				"${PODS_ROOT}/Manifest.lock",
			);
			name = "[CP] Check Pods Manifest.lock";
			outputFileListPaths = (
			);
			outputPaths = (
				"$(DERIVED_FILE_DIR)/Pods-PickMemo-checkManifestLockResult.txt",
			);
			runOnlyForDeploymentPostprocessing = 0;
			shellPath = /bin/sh;
			shellScript = "diff \"${PODS_PODFILE_DIR_PATH}/Podfile.lock\" \"${PODS_ROOT}/Manifest.lock\" > /dev/null\nif [ $? != 0 ] ; then\n    # print error to STDERR\n    echo \"error: The sandbox is not in sync with the Podfile.lock. Run 'pod install' or update your CocoaPods installation.\" >&2\n    exit 1\nfi\n# This output is used by Xcode 'outputs' to avoid re-running this script phase.\necho \"SUCCESS\" > \"${SCRIPT_OUTPUT_FILE_0}\"\n";
			showEnvVarsInLog = 0;
		};
/* End PBXShellScriptBuildPhase section */

/* Begin PBXSourcesBuildPhase section */
		B702288429460C26000D0CFC /* Sources */ = {
			isa = PBXSourcesBuildPhase;
			buildActionMask = 2147483647;
			files = (
				B7B105E6295731AD00C9BC45 /* EditPickMemoViewController.swift in Sources */,
				B7570DE32960125300B2E7C3 /* NaverMapProxy.swift in Sources */,
				B7447FA1294746100074259E /* UITextField+Extension.swift in Sources */,
				B7EC9E61294D6CD600AA0415 /* MainNavigationTitleLabel.swift in Sources */,
				B70228CA29461770000D0CFC /* WritePickMemoViewController.swift in Sources */,
				B7EC9E5F294D632900AA0415 /* UIButton+Extension.swift in Sources */,
				B70228BC29460C81000D0CFC /* MainTabBarViewController.swift in Sources */,
				B702288C29460C26000D0CFC /* AppDelegate.swift in Sources */,
				B7570DE72960159800B2E7C3 /* MarkerViewModel.swift in Sources */,
				B702288E29460C26000D0CFC /* SceneDelegate.swift in Sources */,
				B7EC9E64294D96FF00AA0415 /* SelectCategoryTableViewCell.swift in Sources */,
				B71A848A294A1B6800321857 /* SelectCategoryViewController.swift in Sources */,
				B70228BE29460CCF000D0CFC /* PickMemoViewController.swift in Sources */,
				B71A848C294A8DA400321857 /* SelectCateogryView.swift in Sources */,
				B7EC9E66294E13CF00AA0415 /* UILabel+Extension.swift in Sources */,
				B70228C029460CD8000D0CFC /* SavedPickMemoViewController.swift in Sources */,
				B7B105DF2954AB4B00C9BC45 /* ToastLabel.swift in Sources */,
				B7EC9E68294E16DF00AA0415 /* SelectCategoryViewModel.swift in Sources */,
				B7EC9EC02951605100AA0415 /* UserDefaultsManager.swift in Sources */,
				B71A84862949A6B300321857 /* UIViewController+Extension.swift in Sources */,
				B7EC9EBE29514FE600AA0415 /* SavedPickMemoTableViewCell.swift in Sources */,
				B7EC9E6E29502A6400AA0415 /* MemoViewModel.swift in Sources */,
				B7EC9E5D294D628B00AA0415 /* UITextView+Extension.swift in Sources */,
				B7EC9E7029502ADE00AA0415 /* Memo.swift in Sources */,
				B7B105EA295731E500C9BC45 /* EditMemoViewModel.swift in Sources */,
				B70228CC29461943000D0CFC /* UIColor+Extension.swift in Sources */,
				B7EC9E59294D54EF00AA0415 /* UserInputViewModel.swift in Sources */,
				B7B105E8295731CD00C9BC45 /* EditPickMemoView.swift in Sources */,
				B7EC9E5B294D5DDC00AA0415 /* WritePickMemoView.swift in Sources */,
				B71A8488294A199600321857 /* PaddingLabel.swift in Sources */,
				B7570DE52960136800B2E7C3 /* Marker.swift in Sources */,
			);
			runOnlyForDeploymentPostprocessing = 0;
		};
		B702289A29460C28000D0CFC /* Sources */ = {
			isa = PBXSourcesBuildPhase;
			buildActionMask = 2147483647;
			files = (
				B70228A329460C28000D0CFC /* PickMemoTests.swift in Sources */,
			);
			runOnlyForDeploymentPostprocessing = 0;
		};
		B70228A429460C28000D0CFC /* Sources */ = {
			isa = PBXSourcesBuildPhase;
			buildActionMask = 2147483647;
			files = (
				B70228AF29460C28000D0CFC /* PickMemoUITestsLaunchTests.swift in Sources */,
				B70228AD29460C28000D0CFC /* PickMemoUITests.swift in Sources */,
			);
			runOnlyForDeploymentPostprocessing = 0;
		};
/* End PBXSourcesBuildPhase section */

/* Begin PBXTargetDependency section */
		B70228A029460C28000D0CFC /* PBXTargetDependency */ = {
			isa = PBXTargetDependency;
			target = B702288729460C26000D0CFC /* PickMemo */;
			targetProxy = B702289F29460C28000D0CFC /* PBXContainerItemProxy */;
		};
		B70228AA29460C28000D0CFC /* PBXTargetDependency */ = {
			isa = PBXTargetDependency;
			target = B702288729460C26000D0CFC /* PickMemo */;
			targetProxy = B70228A929460C28000D0CFC /* PBXContainerItemProxy */;
		};
/* End PBXTargetDependency section */

/* Begin PBXVariantGroup section */
		B702289129460C26000D0CFC /* Main.storyboard */ = {
			isa = PBXVariantGroup;
			children = (
				B702289229460C26000D0CFC /* Base */,
			);
			name = Main.storyboard;
			sourceTree = "<group>";
		};
		B702289629460C28000D0CFC /* LaunchScreen.storyboard */ = {
			isa = PBXVariantGroup;
			children = (
				B702289729460C28000D0CFC /* Base */,
			);
			name = LaunchScreen.storyboard;
			sourceTree = "<group>";
		};
/* End PBXVariantGroup section */

/* Begin XCBuildConfiguration section */
		B70228B029460C28000D0CFC /* Debug */ = {
			isa = XCBuildConfiguration;
			buildSettings = {
				ALWAYS_SEARCH_USER_PATHS = NO;
				CLANG_ANALYZER_NONNULL = YES;
				CLANG_ANALYZER_NUMBER_OBJECT_CONVERSION = YES_AGGRESSIVE;
				CLANG_CXX_LANGUAGE_STANDARD = "gnu++20";
				CLANG_ENABLE_MODULES = YES;
				CLANG_ENABLE_OBJC_ARC = YES;
				CLANG_ENABLE_OBJC_WEAK = YES;
				CLANG_WARN_BLOCK_CAPTURE_AUTORELEASING = YES;
				CLANG_WARN_BOOL_CONVERSION = YES;
				CLANG_WARN_COMMA = YES;
				CLANG_WARN_CONSTANT_CONVERSION = YES;
				CLANG_WARN_DEPRECATED_OBJC_IMPLEMENTATIONS = YES;
				CLANG_WARN_DIRECT_OBJC_ISA_USAGE = YES_ERROR;
				CLANG_WARN_DOCUMENTATION_COMMENTS = YES;
				CLANG_WARN_EMPTY_BODY = YES;
				CLANG_WARN_ENUM_CONVERSION = YES;
				CLANG_WARN_INFINITE_RECURSION = YES;
				CLANG_WARN_INT_CONVERSION = YES;
				CLANG_WARN_NON_LITERAL_NULL_CONVERSION = YES;
				CLANG_WARN_OBJC_IMPLICIT_RETAIN_SELF = YES;
				CLANG_WARN_OBJC_LITERAL_CONVERSION = YES;
				CLANG_WARN_OBJC_ROOT_CLASS = YES_ERROR;
				CLANG_WARN_QUOTED_INCLUDE_IN_FRAMEWORK_HEADER = YES;
				CLANG_WARN_RANGE_LOOP_ANALYSIS = YES;
				CLANG_WARN_STRICT_PROTOTYPES = YES;
				CLANG_WARN_SUSPICIOUS_MOVE = YES;
				CLANG_WARN_UNGUARDED_AVAILABILITY = YES_AGGRESSIVE;
				CLANG_WARN_UNREACHABLE_CODE = YES;
				CLANG_WARN__DUPLICATE_METHOD_MATCH = YES;
				COPY_PHASE_STRIP = NO;
				DEBUG_INFORMATION_FORMAT = dwarf;
				ENABLE_STRICT_OBJC_MSGSEND = YES;
				ENABLE_TESTABILITY = YES;
				GCC_C_LANGUAGE_STANDARD = gnu11;
				GCC_DYNAMIC_NO_PIC = NO;
				GCC_NO_COMMON_BLOCKS = YES;
				GCC_OPTIMIZATION_LEVEL = 0;
				GCC_PREPROCESSOR_DEFINITIONS = (
					"DEBUG=1",
					"$(inherited)",
				);
				GCC_WARN_64_TO_32_BIT_CONVERSION = YES;
				GCC_WARN_ABOUT_RETURN_TYPE = YES_ERROR;
				GCC_WARN_UNDECLARED_SELECTOR = YES;
				GCC_WARN_UNINITIALIZED_AUTOS = YES_AGGRESSIVE;
				GCC_WARN_UNUSED_FUNCTION = YES;
				GCC_WARN_UNUSED_VARIABLE = YES;
				IPHONEOS_DEPLOYMENT_TARGET = 14.5;
				MTL_ENABLE_DEBUG_INFO = INCLUDE_SOURCE;
				MTL_FAST_MATH = YES;
				ONLY_ACTIVE_ARCH = YES;
				SDKROOT = iphoneos;
				SWIFT_ACTIVE_COMPILATION_CONDITIONS = DEBUG;
				SWIFT_OPTIMIZATION_LEVEL = "-Onone";
			};
			name = Debug;
		};
		B70228B129460C28000D0CFC /* Release */ = {
			isa = XCBuildConfiguration;
			buildSettings = {
				ALWAYS_SEARCH_USER_PATHS = NO;
				CLANG_ANALYZER_NONNULL = YES;
				CLANG_ANALYZER_NUMBER_OBJECT_CONVERSION = YES_AGGRESSIVE;
				CLANG_CXX_LANGUAGE_STANDARD = "gnu++20";
				CLANG_ENABLE_MODULES = YES;
				CLANG_ENABLE_OBJC_ARC = YES;
				CLANG_ENABLE_OBJC_WEAK = YES;
				CLANG_WARN_BLOCK_CAPTURE_AUTORELEASING = YES;
				CLANG_WARN_BOOL_CONVERSION = YES;
				CLANG_WARN_COMMA = YES;
				CLANG_WARN_CONSTANT_CONVERSION = YES;
				CLANG_WARN_DEPRECATED_OBJC_IMPLEMENTATIONS = YES;
				CLANG_WARN_DIRECT_OBJC_ISA_USAGE = YES_ERROR;
				CLANG_WARN_DOCUMENTATION_COMMENTS = YES;
				CLANG_WARN_EMPTY_BODY = YES;
				CLANG_WARN_ENUM_CONVERSION = YES;
				CLANG_WARN_INFINITE_RECURSION = YES;
				CLANG_WARN_INT_CONVERSION = YES;
				CLANG_WARN_NON_LITERAL_NULL_CONVERSION = YES;
				CLANG_WARN_OBJC_IMPLICIT_RETAIN_SELF = YES;
				CLANG_WARN_OBJC_LITERAL_CONVERSION = YES;
				CLANG_WARN_OBJC_ROOT_CLASS = YES_ERROR;
				CLANG_WARN_QUOTED_INCLUDE_IN_FRAMEWORK_HEADER = YES;
				CLANG_WARN_RANGE_LOOP_ANALYSIS = YES;
				CLANG_WARN_STRICT_PROTOTYPES = YES;
				CLANG_WARN_SUSPICIOUS_MOVE = YES;
				CLANG_WARN_UNGUARDED_AVAILABILITY = YES_AGGRESSIVE;
				CLANG_WARN_UNREACHABLE_CODE = YES;
				CLANG_WARN__DUPLICATE_METHOD_MATCH = YES;
				COPY_PHASE_STRIP = NO;
				DEBUG_INFORMATION_FORMAT = "dwarf-with-dsym";
				ENABLE_NS_ASSERTIONS = NO;
				ENABLE_STRICT_OBJC_MSGSEND = YES;
				GCC_C_LANGUAGE_STANDARD = gnu11;
				GCC_NO_COMMON_BLOCKS = YES;
				GCC_WARN_64_TO_32_BIT_CONVERSION = YES;
				GCC_WARN_ABOUT_RETURN_TYPE = YES_ERROR;
				GCC_WARN_UNDECLARED_SELECTOR = YES;
				GCC_WARN_UNINITIALIZED_AUTOS = YES_AGGRESSIVE;
				GCC_WARN_UNUSED_FUNCTION = YES;
				GCC_WARN_UNUSED_VARIABLE = YES;
				IPHONEOS_DEPLOYMENT_TARGET = 14.5;
				MTL_ENABLE_DEBUG_INFO = NO;
				MTL_FAST_MATH = YES;
				SDKROOT = iphoneos;
				SWIFT_COMPILATION_MODE = wholemodule;
				SWIFT_OPTIMIZATION_LEVEL = "-O";
				VALIDATE_PRODUCT = YES;
			};
			name = Release;
		};
		B70228B329460C28000D0CFC /* Debug */ = {
			isa = XCBuildConfiguration;
			baseConfigurationReference = 6767DA1C97CBC2E772002E13 /* Pods-PickMemo.debug.xcconfig */;
			buildSettings = {
				ASSETCATALOG_COMPILER_APPICON_NAME = AppIcon;
				ASSETCATALOG_COMPILER_GLOBAL_ACCENT_COLOR_NAME = AccentColor;
				"CODE_SIGN_IDENTITY[sdk=iphoneos*]" = "iPhone Developer";
				CODE_SIGN_STYLE = Manual;
				CURRENT_PROJECT_VERSION = 1;
				DEVELOPMENT_TEAM = "";
				"DEVELOPMENT_TEAM[sdk=iphoneos*]" = 28K9LD277B;
				GENERATE_INFOPLIST_FILE = YES;
				INFOPLIST_FILE = PickMemo/Info.plist;
				INFOPLIST_KEY_UIApplicationSupportsIndirectInputEvents = YES;
				INFOPLIST_KEY_UILaunchStoryboardName = LaunchScreen;
				INFOPLIST_KEY_UIMainStoryboardFile = Main;
				INFOPLIST_KEY_UISupportedInterfaceOrientations_iPad = "UIInterfaceOrientationPortrait UIInterfaceOrientationPortraitUpsideDown UIInterfaceOrientationLandscapeLeft UIInterfaceOrientationLandscapeRight";
				INFOPLIST_KEY_UISupportedInterfaceOrientations_iPhone = "UIInterfaceOrientationPortrait UIInterfaceOrientationLandscapeLeft UIInterfaceOrientationLandscapeRight";
				IPHONEOS_DEPLOYMENT_TARGET = 14.5;
				LD_RUNPATH_SEARCH_PATHS = (
					"$(inherited)",
					"@executable_path/Frameworks",
				);
				MARKETING_VERSION = 1.0;
				PRODUCT_BUNDLE_IDENTIFIER = kant.PickMemo;
				PRODUCT_NAME = "$(TARGET_NAME)";
				PROVISIONING_PROFILE_SPECIFIER = "";
				"PROVISIONING_PROFILE_SPECIFIER[sdk=iphoneos*]" = develop_wildcard;
				SWIFT_EMIT_LOC_STRINGS = YES;
				SWIFT_VERSION = 5.0;
				TARGETED_DEVICE_FAMILY = "1,2";
			};
			name = Debug;
		};
		B70228B429460C28000D0CFC /* Release */ = {
			isa = XCBuildConfiguration;
			baseConfigurationReference = C6516198623715269CE16188 /* Pods-PickMemo.release.xcconfig */;
			buildSettings = {
				ASSETCATALOG_COMPILER_APPICON_NAME = AppIcon;
				ASSETCATALOG_COMPILER_GLOBAL_ACCENT_COLOR_NAME = AccentColor;
				"CODE_SIGN_IDENTITY[sdk=iphoneos*]" = "iPhone Developer";
				CODE_SIGN_STYLE = Manual;
				CURRENT_PROJECT_VERSION = 1;
				DEVELOPMENT_TEAM = "";
				"DEVELOPMENT_TEAM[sdk=iphoneos*]" = 28K9LD277B;
				GENERATE_INFOPLIST_FILE = YES;
				INFOPLIST_FILE = PickMemo/Info.plist;
				INFOPLIST_KEY_UIApplicationSupportsIndirectInputEvents = YES;
				INFOPLIST_KEY_UILaunchStoryboardName = LaunchScreen;
				INFOPLIST_KEY_UIMainStoryboardFile = Main;
				INFOPLIST_KEY_UISupportedInterfaceOrientations_iPad = "UIInterfaceOrientationPortrait UIInterfaceOrientationPortraitUpsideDown UIInterfaceOrientationLandscapeLeft UIInterfaceOrientationLandscapeRight";
				INFOPLIST_KEY_UISupportedInterfaceOrientations_iPhone = "UIInterfaceOrientationPortrait UIInterfaceOrientationLandscapeLeft UIInterfaceOrientationLandscapeRight";
				IPHONEOS_DEPLOYMENT_TARGET = 14.5;
				LD_RUNPATH_SEARCH_PATHS = (
					"$(inherited)",
					"@executable_path/Frameworks",
				);
				MARKETING_VERSION = 1.0;
				PRODUCT_BUNDLE_IDENTIFIER = kant.PickMemo;
				PRODUCT_NAME = "$(TARGET_NAME)";
				PROVISIONING_PROFILE_SPECIFIER = "";
				"PROVISIONING_PROFILE_SPECIFIER[sdk=iphoneos*]" = develop_wildcard;
				SWIFT_EMIT_LOC_STRINGS = YES;
				SWIFT_VERSION = 5.0;
				TARGETED_DEVICE_FAMILY = "1,2";
			};
			name = Release;
		};
		B70228B629460C28000D0CFC /* Debug */ = {
			isa = XCBuildConfiguration;
			baseConfigurationReference = 41521503140625580318EF3B /* Pods-PickMemoTests.debug.xcconfig */;
			buildSettings = {
				ALWAYS_EMBED_SWIFT_STANDARD_LIBRARIES = YES;
				BUNDLE_LOADER = "$(TEST_HOST)";
				CODE_SIGN_STYLE = Automatic;
				CURRENT_PROJECT_VERSION = 1;
				GENERATE_INFOPLIST_FILE = YES;
				IPHONEOS_DEPLOYMENT_TARGET = 16.0;
				MARKETING_VERSION = 1.0;
				PRODUCT_BUNDLE_IDENTIFIER = kant.PickMemoTests;
				PRODUCT_NAME = "$(TARGET_NAME)";
				SWIFT_EMIT_LOC_STRINGS = NO;
				SWIFT_VERSION = 5.0;
				TARGETED_DEVICE_FAMILY = "1,2";
				TEST_HOST = "$(BUILT_PRODUCTS_DIR)/PickMemo.app/$(BUNDLE_EXECUTABLE_FOLDER_PATH)/PickMemo";
			};
			name = Debug;
		};
		B70228B729460C28000D0CFC /* Release */ = {
			isa = XCBuildConfiguration;
			baseConfigurationReference = 408DDDDC3A91FB154BF63A8E /* Pods-PickMemoTests.release.xcconfig */;
			buildSettings = {
				ALWAYS_EMBED_SWIFT_STANDARD_LIBRARIES = YES;
				BUNDLE_LOADER = "$(TEST_HOST)";
				CODE_SIGN_STYLE = Automatic;
				CURRENT_PROJECT_VERSION = 1;
				GENERATE_INFOPLIST_FILE = YES;
				IPHONEOS_DEPLOYMENT_TARGET = 16.0;
				MARKETING_VERSION = 1.0;
				PRODUCT_BUNDLE_IDENTIFIER = kant.PickMemoTests;
				PRODUCT_NAME = "$(TARGET_NAME)";
				SWIFT_EMIT_LOC_STRINGS = NO;
				SWIFT_VERSION = 5.0;
				TARGETED_DEVICE_FAMILY = "1,2";
				TEST_HOST = "$(BUILT_PRODUCTS_DIR)/PickMemo.app/$(BUNDLE_EXECUTABLE_FOLDER_PATH)/PickMemo";
			};
			name = Release;
		};
		B70228B929460C28000D0CFC /* Debug */ = {
			isa = XCBuildConfiguration;
			baseConfigurationReference = 99BDDF97767E9AE965ADB7E1 /* Pods-PickMemo-PickMemoUITests.debug.xcconfig */;
			buildSettings = {
				ALWAYS_EMBED_SWIFT_STANDARD_LIBRARIES = YES;
				CODE_SIGN_STYLE = Automatic;
				CURRENT_PROJECT_VERSION = 1;
				GENERATE_INFOPLIST_FILE = YES;
				MARKETING_VERSION = 1.0;
				PRODUCT_BUNDLE_IDENTIFIER = kant.PickMemoUITests;
				PRODUCT_NAME = "$(TARGET_NAME)";
				SWIFT_EMIT_LOC_STRINGS = NO;
				SWIFT_VERSION = 5.0;
				TARGETED_DEVICE_FAMILY = "1,2";
				TEST_TARGET_NAME = PickMemo;
			};
			name = Debug;
		};
		B70228BA29460C28000D0CFC /* Release */ = {
			isa = XCBuildConfiguration;
			baseConfigurationReference = 90910D8F0F4C8DA906555BA6 /* Pods-PickMemo-PickMemoUITests.release.xcconfig */;
			buildSettings = {
				ALWAYS_EMBED_SWIFT_STANDARD_LIBRARIES = YES;
				CODE_SIGN_STYLE = Automatic;
				CURRENT_PROJECT_VERSION = 1;
				GENERATE_INFOPLIST_FILE = YES;
				MARKETING_VERSION = 1.0;
				PRODUCT_BUNDLE_IDENTIFIER = kant.PickMemoUITests;
				PRODUCT_NAME = "$(TARGET_NAME)";
				SWIFT_EMIT_LOC_STRINGS = NO;
				SWIFT_VERSION = 5.0;
				TARGETED_DEVICE_FAMILY = "1,2";
				TEST_TARGET_NAME = PickMemo;
			};
			name = Release;
		};
/* End XCBuildConfiguration section */

/* Begin XCConfigurationList section */
		B702288329460C26000D0CFC /* Build configuration list for PBXProject "PickMemo" */ = {
			isa = XCConfigurationList;
			buildConfigurations = (
				B70228B029460C28000D0CFC /* Debug */,
				B70228B129460C28000D0CFC /* Release */,
			);
			defaultConfigurationIsVisible = 0;
			defaultConfigurationName = Release;
		};
		B70228B229460C28000D0CFC /* Build configuration list for PBXNativeTarget "PickMemo" */ = {
			isa = XCConfigurationList;
			buildConfigurations = (
				B70228B329460C28000D0CFC /* Debug */,
				B70228B429460C28000D0CFC /* Release */,
			);
			defaultConfigurationIsVisible = 0;
			defaultConfigurationName = Release;
		};
		B70228B529460C28000D0CFC /* Build configuration list for PBXNativeTarget "PickMemoTests" */ = {
			isa = XCConfigurationList;
			buildConfigurations = (
				B70228B629460C28000D0CFC /* Debug */,
				B70228B729460C28000D0CFC /* Release */,
			);
			defaultConfigurationIsVisible = 0;
			defaultConfigurationName = Release;
		};
		B70228B829460C28000D0CFC /* Build configuration list for PBXNativeTarget "PickMemoUITests" */ = {
			isa = XCConfigurationList;
			buildConfigurations = (
				B70228B929460C28000D0CFC /* Debug */,
				B70228BA29460C28000D0CFC /* Release */,
			);
			defaultConfigurationIsVisible = 0;
			defaultConfigurationName = Release;
		};
/* End XCConfigurationList section */

/* Begin XCRemoteSwiftPackageReference section */
		B70228C329461044000D0CFC /* XCRemoteSwiftPackageReference "SDWebImage" */ = {
			isa = XCRemoteSwiftPackageReference;
			repositoryURL = "https://github.com/SDWebImage/SDWebImage.git";
			requirement = {
				kind = upToNextMajorVersion;
				minimumVersion = 5.0.0;
			};
		};
		B70228C6294610E4000D0CFC /* XCRemoteSwiftPackageReference "SnapKit" */ = {
			isa = XCRemoteSwiftPackageReference;
			repositoryURL = "https://github.com/SnapKit/SnapKit.git";
			requirement = {
				kind = upToNextMajorVersion;
				minimumVersion = 5.0.0;
			};
		};
		B76282592951DB29003560E3 /* XCRemoteSwiftPackageReference "SwipeCellKit" */ = {
			isa = XCRemoteSwiftPackageReference;
			repositoryURL = "https://github.com/SwipeCellKit/SwipeCellKit";
			requirement = {
				kind = upToNextMajorVersion;
				minimumVersion = 2.0.0;
			};
		};
		B7B105E02956A8CE00C9BC45 /* XCRemoteSwiftPackageReference "CombineDataSources" */ = {
			isa = XCRemoteSwiftPackageReference;
			repositoryURL = "https://github.com/combineopensource/CombineDataSources";
			requirement = {
				kind = upToNextMajorVersion;
				minimumVersion = 0.2.5;
			};
		};
		B7EC9EBA2950846300AA0415 /* XCRemoteSwiftPackageReference "CombineCocoa" */ = {
			isa = XCRemoteSwiftPackageReference;
			repositoryURL = "https://github.com/CombineCommunity/CombineCocoa.git";
			requirement = {
				kind = upToNextMajorVersion;
				minimumVersion = 0.4.1;
			};
		};
/* End XCRemoteSwiftPackageReference section */

/* Begin XCSwiftPackageProductDependency section */
		B70228C429461044000D0CFC /* SDWebImage */ = {
			isa = XCSwiftPackageProductDependency;
			package = B70228C329461044000D0CFC /* XCRemoteSwiftPackageReference "SDWebImage" */;
			productName = SDWebImage;
		};
		B70228C7294610E4000D0CFC /* SnapKit */ = {
			isa = XCSwiftPackageProductDependency;
			package = B70228C6294610E4000D0CFC /* XCRemoteSwiftPackageReference "SnapKit" */;
			productName = SnapKit;
		};
		B762825A2951DB29003560E3 /* SwipeCellKit */ = {
			isa = XCSwiftPackageProductDependency;
			package = B76282592951DB29003560E3 /* XCRemoteSwiftPackageReference "SwipeCellKit" */;
			productName = SwipeCellKit;
		};
		B7B105E12956A8CE00C9BC45 /* CombineDataSources */ = {
			isa = XCSwiftPackageProductDependency;
			package = B7B105E02956A8CE00C9BC45 /* XCRemoteSwiftPackageReference "CombineDataSources" */;
			productName = CombineDataSources;
		};
		B7EC9EBB2950846300AA0415 /* CombineCocoa */ = {
			isa = XCSwiftPackageProductDependency;
			package = B7EC9EBA2950846300AA0415 /* XCRemoteSwiftPackageReference "CombineCocoa" */;
			productName = CombineCocoa;
		};
/* End XCSwiftPackageProductDependency section */
	};
	rootObject = B702288029460C26000D0CFC /* Project object */;
}
